
Microsoft Visual Studio Solution File, Format Version 12.00
# Visual Studio Version 17
VisualStudioVersion = 17.2.32516.85
MinimumVisualStudioVersion = 10.0.40219.1
Project("{FAE04EC0-301F-11D3-BF4B-00C04F79EFBC}") = "PARTB", "PARTB\PARTB.csproj", "{AE9C0C0F-94E6-46B9-AA75-56439C86E22B}"
EndProject
Global
	GlobalSection(SolutionConfigurationPlatforms) = preSolution
		Debug|Any CPU = Debug|Any CPU
		Release|Any CPU = Release|Any CPU
	EndGlobalSection
	GlobalSection(ProjectConfigurationPlatforms) = postSolution
		{AE9C0C0F-94E6-46B9-AA75-56439C86E22B}.Debug|Any CPU.ActiveCfg = Debug|Any CPU
		{AE9C0C0F-94E6-46B9-AA75-56439C86E22B}.Debug|Any CPU.Build.0 = Debug|Any CPU
		{AE9C0C0F-94E6-46B9-AA75-56439C86E22B}.Release|Any CPU.ActiveCfg = Release|Any CPU
		{AE9C0C0F-94E6-46B9-AA75-56439C86E22B}.Release|Any CPU.Build.0 = Release|Any CPU
	EndGlobalSection
	GlobalSection(SolutionProperties) = preSolution
		HideSolutionNode = FALSE
	EndGlobalSection
	GlobalSection(ExtensibilityGlobals) = postSolution
		SolutionGuid = {8A63FB0D-8393-450A-B95E-C0F5AEBB6D38}
	EndGlobalSection
EndGlobal
